
Microsoft Visual Studio Solution File, Format Version 12.00
# Visual Studio Version 16
VisualStudioVersion = 16.0.31515.178
MinimumVisualStudioVersion = 10.0.40219.1
Project("{FAE04EC0-301F-11D3-BF4B-00C04F79EFBC}") = "GraphRouting", "GraphRouting.csproj", "{7C353B65-0CEA-4717-8BDE-7B6D4D52F87B}"
EndProject
Project("{FAE04EC0-301F-11D3-BF4B-00C04F79EFBC}") = "RoadNetwork", "..\RoadNetwork\RoadNetwork.csproj", "{1EA33DD1-7178-4AD4-A052-8FCE492688A2}"
EndProject
Global
	GlobalSection(SolutionConfigurationPlatforms) = preSolution
		Debug|Any CPU = Debug|Any CPU
		Release|Any CPU = Release|Any CPU
	EndGlobalSection
	GlobalSection(ProjectConfigurationPlatforms) = postSolution
		{7C353B65-0CEA-4717-8BDE-7B6D4D52F87B}.Debug|Any CPU.ActiveCfg = Debug|Any CPU
		{7C353B65-0CEA-4717-8BDE-7B6D4D52F87B}.Debug|Any CPU.Build.0 = Debug|Any CPU
		{7C353B65-0CEA-4717-8BDE-7B6D4D52F87B}.Release|Any CPU.ActiveCfg = Release|Any CPU
		{7C353B65-0CEA-4717-8BDE-7B6D4D52F87B}.Release|Any CPU.Build.0 = Release|Any CPU
		{1EA33DD1-7178-4AD4-A052-8FCE492688A2}.Debug|Any CPU.ActiveCfg = Debug|Any CPU
		{1EA33DD1-7178-4AD4-A052-8FCE492688A2}.Debug|Any CPU.Build.0 = Debug|Any CPU
		{1EA33DD1-7178-4AD4-A052-8FCE492688A2}.Release|Any CPU.ActiveCfg = Release|Any CPU
		{1EA33DD1-7178-4AD4-A052-8FCE492688A2}.Release|Any CPU.Build.0 = Release|Any CPU
	EndGlobalSection
	GlobalSection(SolutionProperties) = preSolution
		HideSolutionNode = FALSE
	EndGlobalSection
	GlobalSection(ExtensibilityGlobals) = postSolution
		SolutionGuid = {8D20F631-331A-4A46-95EA-D42007593E79}
	EndGlobalSection
EndGlobal
